// !$*UTF8*$!
{
	archiveVersion = 1;
	classes = {
	};
	objectVersion = 48;
	objects = {

/* Begin PBXBuildFile section */
		BF4CC1F420D0AA2000A55A32 /* CIFValue.m in Sources */ = {isa = PBXBuildFile; fileRef = BF4CC1F320D0AA2000A55A32 /* CIFValue.m */; };
		BF4CC20320D0AB4800A55A32 /* ViewController.swift in Sources */ = {isa = PBXBuildFile; fileRef = BF4CC1FE20D0AB4800A55A32 /* ViewController.swift */; };
		BF4CC20420D0AB4800A55A32 /* Test.swift in Sources */ = {isa = PBXBuildFile; fileRef = BF4CC1FF20D0AB4800A55A32 /* Test.swift */; };
		BF4CC20520D0AB4800A55A32 /* SCNGeometry+Lattices.swift in Sources */ = {isa = PBXBuildFile; fileRef = BF4CC20020D0AB4800A55A32 /* SCNGeometry+Lattices.swift */; };
		BF4CC20620D0AB4800A55A32 /* Utilities.swift in Sources */ = {isa = PBXBuildFile; fileRef = BF4CC20120D0AB4800A55A32 /* Utilities.swift */; };
		BF4CC20720D0AC1800A55A32 /* DummyHandler.m in Sources */ = {isa = PBXBuildFile; fileRef = BF51123120D0A2F100E87696 /* DummyHandler.m */; };
		BF4CC20E20D0DBE500A55A32 /* StructSheetRange.swift in Sources */ = {isa = PBXBuildFile; fileRef = BF4CC20A20D0DBE400A55A32 /* StructSheetRange.swift */; };
		BF4CC20F20D0DBE500A55A32 /* AtomSite.swift in Sources */ = {isa = PBXBuildFile; fileRef = BF4CC20B20D0DBE400A55A32 /* AtomSite.swift */; };
		BF4CC21020D0DBE500A55A32 /* StructConf.swift in Sources */ = {isa = PBXBuildFile; fileRef = BF4CC20C20D0DBE400A55A32 /* StructConf.swift */; };
		BF5111C820D0266900E87696 /* CIFParser.h in Headers */ = {isa = PBXBuildFile; fileRef = BF5111C620D0266900E87696 /* CIFParser.h */; settings = {ATTRIBUTES = (Public, ); }; };
		BF5111D020D0267500E87696 /* Parser.c in Sources */ = {isa = PBXBuildFile; fileRef = BF5111AA20D0256F00E87696 /* Parser.c */; };
		BF5111D120D026AA00E87696 /* CIFRawParser.h in Headers */ = {isa = PBXBuildFile; fileRef = BF5111A920D0256F00E87696 /* CIFRawParser.h */; settings = {ATTRIBUTES = (Public, ); }; };
		BF5111D520D0279400E87696 /* lex.cif.c in Sources */ = {isa = PBXBuildFile; fileRef = BF7A2D851FDD6ACC0031EBA7 /* lex.cif.c */; settings = {COMPILER_FLAGS = "-w"; }; };
		BF5111DE20D0324A00E87696 /* AppDelegate.m in Sources */ = {isa = PBXBuildFile; fileRef = BF5111DD20D0324A00E87696 /* AppDelegate.m */; };
		BF5111E120D0324A00E87696 /* ViewController.m in Sources */ = {isa = PBXBuildFile; fileRef = BF5111E020D0324A00E87696 /* ViewController.m */; };
		BF5111E320D0324B00E87696 /* Assets.xcassets in Resources */ = {isa = PBXBuildFile; fileRef = BF5111E220D0324B00E87696 /* Assets.xcassets */; };
		BF5111E620D0324B00E87696 /* Main.storyboard in Resources */ = {isa = PBXBuildFile; fileRef = BF5111E420D0324B00E87696 /* Main.storyboard */; };
		BF5111E920D0324C00E87696 /* main.m in Sources */ = {isa = PBXBuildFile; fileRef = BF5111E820D0324C00E87696 /* main.m */; };
		BF5111EE20D0325900E87696 /* CIFParser.framework in Frameworks */ = {isa = PBXBuildFile; fileRef = BF5111C420D0266800E87696 /* CIFParser.framework */; };
		BF5111F120D032BA00E87696 /* 3j3y.cif in Resources */ = {isa = PBXBuildFile; fileRef = BFF875C81FE3133100A561A3 /* 3j3y.cif */; };
		BF5111F220D032BF00E87696 /* 1wns.cif in Resources */ = {isa = PBXBuildFile; fileRef = BF557F891FDF09F200D1F251 /* 1wns.cif */; };
		BF5111F420D0345700E87696 /* Lexer.h in Headers */ = {isa = PBXBuildFile; fileRef = BF5111D220D026DA00E87696 /* Lexer.h */; };
		BF5111F720D0425800E87696 /* ParserObject.h in Headers */ = {isa = PBXBuildFile; fileRef = BF5111F520D0425800E87696 /* ParserObject.h */; };
		BF5111FB20D0456F00E87696 /* CIFHandler.h in Headers */ = {isa = PBXBuildFile; fileRef = BF5111F920D0456F00E87696 /* CIFHandler.h */; settings = {ATTRIBUTES = (Public, ); }; };
		BF5111FC20D0456F00E87696 /* CIFHandler.m in Sources */ = {isa = PBXBuildFile; fileRef = BF5111FA20D0456F00E87696 /* CIFHandler.m */; };
		BF51121020D062BE00E87696 /* AppDelegate.swift in Sources */ = {isa = PBXBuildFile; fileRef = BF51120F20D062BE00E87696 /* AppDelegate.swift */; };
		BF51121420D062BF00E87696 /* Assets.xcassets in Resources */ = {isa = PBXBuildFile; fileRef = BF51121320D062BF00E87696 /* Assets.xcassets */; };
		BF51122220D0630700E87696 /* Main.storyboard in Resources */ = {isa = PBXBuildFile; fileRef = BF7A2E021FDDE7110031EBA7 /* Main.storyboard */; };
		BF51122320D0633100E87696 /* CIFParser.framework in Frameworks */ = {isa = PBXBuildFile; fileRef = BF5111C420D0266800E87696 /* CIFParser.framework */; };
		BF51122C20D0640F00E87696 /* TestParser.swift in Sources */ = {isa = PBXBuildFile; fileRef = BFF875CD1FE4A4E700A561A3 /* TestParser.swift */; };
		BF51122D20D06C3A00E87696 /* 3j3y.cif in Resources */ = {isa = PBXBuildFile; fileRef = BFF875C81FE3133100A561A3 /* 3j3y.cif */; };
		BF627E9720D1DACA0078BA85 /* CountPass.swift in Sources */ = {isa = PBXBuildFile; fileRef = BF627E9620D1DACA0078BA85 /* CountPass.swift */; };
		BFE22EBF20D189BE00B832F4 /* AppDelegate.swift in Sources */ = {isa = PBXBuildFile; fileRef = BFE22EBE20D189BE00B832F4 /* AppDelegate.swift */; };
		BFE22EC120D189BE00B832F4 /* ViewController.swift in Sources */ = {isa = PBXBuildFile; fileRef = BFE22EC020D189BE00B832F4 /* ViewController.swift */; };
		BFE22EC420D189BE00B832F4 /* Main.storyboard in Resources */ = {isa = PBXBuildFile; fileRef = BFE22EC220D189BE00B832F4 /* Main.storyboard */; };
		BFE22EC620D189BE00B832F4 /* Assets.xcassets in Resources */ = {isa = PBXBuildFile; fileRef = BFE22EC520D189BE00B832F4 /* Assets.xcassets */; };
		BFE22EC920D189BE00B832F4 /* LaunchScreen.storyboard in Resources */ = {isa = PBXBuildFile; fileRef = BFE22EC720D189BE00B832F4 /* LaunchScreen.storyboard */; };
		BFE22ED220D18BCD00B832F4 /* CIFParser.framework in Frameworks */ = {isa = PBXBuildFile; fileRef = BF5111C420D0266800E87696 /* CIFParser.framework */; };
		BFE22ED620D18C1A00B832F4 /* CIFParser.framework in CopyFiles */ = {isa = PBXBuildFile; fileRef = BF5111C420D0266800E87696 /* CIFParser.framework */; settings = {ATTRIBUTES = (CodeSignOnCopy, RemoveHeadersOnCopy, ); }; };
		BFE22ED720D18F6100B832F4 /* 1wns.cif in Resources */ = {isa = PBXBuildFile; fileRef = BF557F891FDF09F200D1F251 /* 1wns.cif */; };
		BFE22ED920D18F8500B832F4 /* DummyHandler.swift in Sources */ = {isa = PBXBuildFile; fileRef = BFE22ED820D18F8500B832F4 /* DummyHandler.swift */; };
		BFE2D65E20D1434300DF07FE /* Debug.h in Headers */ = {isa = PBXBuildFile; fileRef = BFE2D65C20D1434300DF07FE /* Debug.h */; };
		BFE2D65F20D1434300DF07FE /* Debug.c in Sources */ = {isa = PBXBuildFile; fileRef = BFE2D65D20D1434300DF07FE /* Debug.c */; };
		BFE2D66320D163B700DF07FE /* CIFParser.framework in CopyFiles */ = {isa = PBXBuildFile; fileRef = BF5111C420D0266800E87696 /* CIFParser.framework */; settings = {ATTRIBUTES = (CodeSignOnCopy, RemoveHeadersOnCopy, ); }; };
		BFE2D66520D163CA00DF07FE /* CIFParser.framework in CopyFiles */ = {isa = PBXBuildFile; fileRef = BF5111C420D0266800E87696 /* CIFParser.framework */; settings = {ATTRIBUTES = (CodeSignOnCopy, RemoveHeadersOnCopy, ); }; };
		BFE2D66820D16C5200DF07FE /* CIFTag.h in Headers */ = {isa = PBXBuildFile; fileRef = BFE2D66620D16C5200DF07FE /* CIFTag.h */; settings = {ATTRIBUTES = (Public, ); }; };
		BFE2D66920D16C5200DF07FE /* CIFTag.c in Sources */ = {isa = PBXBuildFile; fileRef = BFE2D66720D16C5200DF07FE /* CIFTag.c */; };
		BFE2D66C20D16E1800DF07FE /* CIFLoopTag.h in Headers */ = {isa = PBXBuildFile; fileRef = BFE2D66A20D16E1800DF07FE /* CIFLoopTag.h */; settings = {ATTRIBUTES = (Public, ); }; };
		BFE2D66D20D16E1800DF07FE /* CIFLoopTag.c in Sources */ = {isa = PBXBuildFile; fileRef = BFE2D66B20D16E1800DF07FE /* CIFLoopTag.c */; };
		BFE2D66F20D1813200DF07FE /* CIFLex.h in Headers */ = {isa = PBXBuildFile; fileRef = BFE2D66E20D180B300DF07FE /* CIFLex.h */; settings = {ATTRIBUTES = (Public, ); }; };
		BFF5125023257F18001F75DC /* CIFValue.swift in Sources */ = {isa = PBXBuildFile; fileRef = BFF5124F23257F18001F75DC /* CIFValue.swift */; };
		BFFE0DB320D1F37700FF2AAB /* CACount.m in Sources */ = {isa = PBXBuildFile; fileRef = BFFE0DB220D1F37700FF2AAB /* CACount.m */; };
		BFFE0DB520D32D8300FF2AAB /* Handlers.c in Sources */ = {isa = PBXBuildFile; fileRef = BFFE0DB420D32D8300FF2AAB /* Handlers.c */; };
/* End PBXBuildFile section */

/* Begin PBXContainerItemProxy section */
		BF4CC1E820D0A71E00A55A32 /* PBXContainerItemProxy */ = {
			isa = PBXContainerItemProxy;
			containerPortal = BF7A2D5B1FDD673D0031EBA7 /* Project object */;
			proxyType = 1;
			remoteGlobalIDString = BF5111A520D0243800E87696;
			remoteInfo = Lexer;
		};
		BF5111D320D0271B00E87696 /* PBXContainerItemProxy */ = {
			isa = PBXContainerItemProxy;
			containerPortal = BF7A2D5B1FDD673D0031EBA7 /* Project object */;
			proxyType = 1;
			remoteGlobalIDString = BF5111A520D0243800E87696;
			remoteInfo = Lexer;
		};
		BF5111EF20D0326200E87696 /* PBXContainerItemProxy */ = {
			isa = PBXContainerItemProxy;
			containerPortal = BF7A2D5B1FDD673D0031EBA7 /* Project object */;
			proxyType = 1;
			remoteGlobalIDString = BF5111C320D0266800E87696;
			remoteInfo = CIFParser;
		};
		BF51122420D0634000E87696 /* PBXContainerItemProxy */ = {
			isa = PBXContainerItemProxy;
			containerPortal = BF7A2D5B1FDD673D0031EBA7 /* Project object */;
			proxyType = 1;
			remoteGlobalIDString = BF5111C320D0266800E87696;
			remoteInfo = CIFParser;
		};
		BFE22ED320D18BFA00B832F4 /* PBXContainerItemProxy */ = {
			isa = PBXContainerItemProxy;
			containerPortal = BF7A2D5B1FDD673D0031EBA7 /* Project object */;
			proxyType = 1;
			remoteGlobalIDString = BF5111C320D0266800E87696;
			remoteInfo = CIFParser;
		};
/* End PBXContainerItemProxy section */

/* Begin PBXCopyFilesBuildPhase section */
		BFE22ED520D18C0D00B832F4 /* CopyFiles */ = {
			isa = PBXCopyFilesBuildPhase;
			buildActionMask = 2147483647;
			dstPath = "";
			dstSubfolderSpec = 10;
			files = (
				BFE22ED620D18C1A00B832F4 /* CIFParser.framework in CopyFiles */,
			);
			runOnlyForDeploymentPostprocessing = 0;
		};
		BFE2D66220D163AB00DF07FE /* CopyFiles */ = {
			isa = PBXCopyFilesBuildPhase;
			buildActionMask = 2147483647;
			dstPath = "";
			dstSubfolderSpec = 10;
			files = (
				BFE2D66320D163B700DF07FE /* CIFParser.framework in CopyFiles */,
			);
			runOnlyForDeploymentPostprocessing = 0;
		};
		BFE2D66420D163C100DF07FE /* CopyFiles */ = {
			isa = PBXCopyFilesBuildPhase;
			buildActionMask = 2147483647;
			dstPath = "";
			dstSubfolderSpec = 10;
			files = (
				BFE2D66520D163CA00DF07FE /* CIFParser.framework in CopyFiles */,
			);
			runOnlyForDeploymentPostprocessing = 0;
		};
/* End PBXCopyFilesBuildPhase section */

/* Begin PBXFileReference section */
		BF4CC1EA20D0A85C00A55A32 /* Sample2-Bridging-Header.h */ = {isa = PBXFileReference; lastKnownFileType = sourcecode.c.h; path = "Sample2-Bridging-Header.h"; sourceTree = "<group>"; };
		BF4CC1F220D0AA2000A55A32 /* CIFValue.h */ = {isa = PBXFileReference; fileEncoding = 4; lastKnownFileType = sourcecode.c.h; path = CIFValue.h; sourceTree = "<group>"; };
		BF4CC1F320D0AA2000A55A32 /* CIFValue.m */ = {isa = PBXFileReference; fileEncoding = 4; lastKnownFileType = sourcecode.c.objc; path = CIFValue.m; sourceTree = "<group>"; };
		BF4CC1FE20D0AB4800A55A32 /* ViewController.swift */ = {isa = PBXFileReference; fileEncoding = 4; lastKnownFileType = sourcecode.swift; path = ViewController.swift; sourceTree = "<group>"; };
		BF4CC1FF20D0AB4800A55A32 /* Test.swift */ = {isa = PBXFileReference; fileEncoding = 4; lastKnownFileType = sourcecode.swift; path = Test.swift; sourceTree = "<group>"; };
		BF4CC20020D0AB4800A55A32 /* SCNGeometry+Lattices.swift */ = {isa = PBXFileReference; fileEncoding = 4; lastKnownFileType = sourcecode.swift; path = "SCNGeometry+Lattices.swift"; sourceTree = "<group>"; };
		BF4CC20120D0AB4800A55A32 /* Utilities.swift */ = {isa = PBXFileReference; fileEncoding = 4; lastKnownFileType = sourcecode.swift; path = Utilities.swift; sourceTree = "<group>"; };
		BF4CC20A20D0DBE400A55A32 /* StructSheetRange.swift */ = {isa = PBXFileReference; fileEncoding = 4; lastKnownFileType = sourcecode.swift; path = StructSheetRange.swift; sourceTree = "<group>"; };
		BF4CC20B20D0DBE400A55A32 /* AtomSite.swift */ = {isa = PBXFileReference; fileEncoding = 4; lastKnownFileType = sourcecode.swift; path = AtomSite.swift; sourceTree = "<group>"; };
		BF4CC20C20D0DBE400A55A32 /* StructConf.swift */ = {isa = PBXFileReference; fileEncoding = 4; lastKnownFileType = sourcecode.swift; path = StructConf.swift; sourceTree = "<group>"; };
		BF5111A920D0256F00E87696 /* CIFRawParser.h */ = {isa = PBXFileReference; lastKnownFileType = sourcecode.c.h; path = CIFRawParser.h; sourceTree = "<group>"; };
		BF5111AA20D0256F00E87696 /* Parser.c */ = {isa = PBXFileReference; lastKnownFileType = sourcecode.c.c; path = Parser.c; sourceTree = "<group>"; };
		BF5111C420D0266800E87696 /* CIFParser.framework */ = {isa = PBXFileReference; explicitFileType = wrapper.framework; includeInIndex = 0; path = CIFParser.framework; sourceTree = BUILT_PRODUCTS_DIR; };
		BF5111C620D0266900E87696 /* CIFParser.h */ = {isa = PBXFileReference; lastKnownFileType = sourcecode.c.h; path = CIFParser.h; sourceTree = "<group>"; };
		BF5111C720D0266900E87696 /* Info.plist */ = {isa = PBXFileReference; lastKnownFileType = text.plist.xml; path = Info.plist; sourceTree = "<group>"; };
		BF5111D220D026DA00E87696 /* Lexer.h */ = {isa = PBXFileReference; lastKnownFileType = sourcecode.c.h; path = Lexer.h; sourceTree = "<group>"; };
		BF5111DA20D0324A00E87696 /* Sample1.app */ = {isa = PBXFileReference; explicitFileType = wrapper.application; includeInIndex = 0; path = Sample1.app; sourceTree = BUILT_PRODUCTS_DIR; };
		BF5111DC20D0324A00E87696 /* AppDelegate.h */ = {isa = PBXFileReference; lastKnownFileType = sourcecode.c.h; path = AppDelegate.h; sourceTree = "<group>"; };
		BF5111DD20D0324A00E87696 /* AppDelegate.m */ = {isa = PBXFileReference; lastKnownFileType = sourcecode.c.objc; path = AppDelegate.m; sourceTree = "<group>"; };
		BF5111DF20D0324A00E87696 /* ViewController.h */ = {isa = PBXFileReference; lastKnownFileType = sourcecode.c.h; path = ViewController.h; sourceTree = "<group>"; };
		BF5111E020D0324A00E87696 /* ViewController.m */ = {isa = PBXFileReference; lastKnownFileType = sourcecode.c.objc; path = ViewController.m; sourceTree = "<group>"; };
		BF5111E220D0324B00E87696 /* Assets.xcassets */ = {isa = PBXFileReference; lastKnownFileType = folder.assetcatalog; path = Assets.xcassets; sourceTree = "<group>"; };
		BF5111E520D0324B00E87696 /* Base */ = {isa = PBXFileReference; lastKnownFileType = file.storyboard; name = Base; path = Base.lproj/Main.storyboard; sourceTree = "<group>"; };
		BF5111E720D0324C00E87696 /* Info.plist */ = {isa = PBXFileReference; lastKnownFileType = text.plist.xml; path = Info.plist; sourceTree = "<group>"; };
		BF5111E820D0324C00E87696 /* main.m */ = {isa = PBXFileReference; lastKnownFileType = sourcecode.c.objc; path = main.m; sourceTree = "<group>"; };
		BF5111F520D0425800E87696 /* ParserObject.h */ = {isa = PBXFileReference; lastKnownFileType = sourcecode.c.h; path = ParserObject.h; sourceTree = "<group>"; };
		BF5111F920D0456F00E87696 /* CIFHandler.h */ = {isa = PBXFileReference; lastKnownFileType = sourcecode.c.h; path = CIFHandler.h; sourceTree = "<group>"; };
		BF5111FA20D0456F00E87696 /* CIFHandler.m */ = {isa = PBXFileReference; lastKnownFileType = sourcecode.c.objc; path = CIFHandler.m; sourceTree = "<group>"; };
		BF51120D20D062BE00E87696 /* Sample2.app */ = {isa = PBXFileReference; explicitFileType = wrapper.application; includeInIndex = 0; path = Sample2.app; sourceTree = BUILT_PRODUCTS_DIR; };
		BF51120F20D062BE00E87696 /* AppDelegate.swift */ = {isa = PBXFileReference; lastKnownFileType = sourcecode.swift; path = AppDelegate.swift; sourceTree = "<group>"; };
		BF51121320D062BF00E87696 /* Assets.xcassets */ = {isa = PBXFileReference; lastKnownFileType = folder.assetcatalog; path = Assets.xcassets; sourceTree = "<group>"; };
		BF51121820D062BF00E87696 /* Info.plist */ = {isa = PBXFileReference; lastKnownFileType = text.plist.xml; path = Info.plist; sourceTree = "<group>"; };
		BF51123020D0A2F100E87696 /* DummyHandler.h */ = {isa = PBXFileReference; lastKnownFileType = sourcecode.c.h; path = DummyHandler.h; sourceTree = "<group>"; };
		BF51123120D0A2F100E87696 /* DummyHandler.m */ = {isa = PBXFileReference; lastKnownFileType = sourcecode.c.objc; path = DummyHandler.m; sourceTree = "<group>"; };
		BF557F891FDF09F200D1F251 /* 1wns.cif */ = {isa = PBXFileReference; fileEncoding = 4; lastKnownFileType = text; path = 1wns.cif; sourceTree = "<group>"; };
		BF627E9620D1DACA0078BA85 /* CountPass.swift */ = {isa = PBXFileReference; lastKnownFileType = sourcecode.swift; path = CountPass.swift; sourceTree = "<group>"; };
		BF7A2D711FDD67AC0031EBA7 /* test.sh */ = {isa = PBXFileReference; fileEncoding = 4; lastKnownFileType = text.script.sh; path = test.sh; sourceTree = "<group>"; };
		BF7A2D721FDD67AC0031EBA7 /* CIFLexer_.m */ = {isa = PBXFileReference; fileEncoding = 4; lastKnownFileType = sourcecode.c.objc; path = CIFLexer_.m; sourceTree = "<group>"; };
		BF7A2D731FDD67AC0031EBA7 /* CIFLexer.l */ = {isa = PBXFileReference; fileEncoding = 4; lastKnownFileType = sourcecode.lex; path = CIFLexer.l; sourceTree = "<group>"; };
		BF7A2D741FDD67AC0031EBA7 /* CIFLexer_.h */ = {isa = PBXFileReference; fileEncoding = 4; lastKnownFileType = sourcecode.c.h; path = CIFLexer_.h; sourceTree = "<group>"; };
		BF7A2D751FDD67AC0031EBA7 /* Makefile */ = {isa = PBXFileReference; fileEncoding = 4; lastKnownFileType = sourcecode.make; path = Makefile; sourceTree = "<group>"; };
		BF7A2D841FDD6ACC0031EBA7 /* lex.cif.h */ = {isa = PBXFileReference; fileEncoding = 4; lastKnownFileType = sourcecode.c.h; name = lex.cif.h; path = Lexer/lex.cif.h; sourceTree = SOURCE_ROOT; };
		BF7A2D851FDD6ACC0031EBA7 /* lex.cif.c */ = {isa = PBXFileReference; fileEncoding = 4; lastKnownFileType = sourcecode.c.c; name = lex.cif.c; path = Lexer/lex.cif.c; sourceTree = SOURCE_ROOT; };
		BF7A2E031FDDE7110031EBA7 /* Base */ = {isa = PBXFileReference; lastKnownFileType = file.storyboard; name = Base; path = Base.lproj/Main.storyboard; sourceTree = "<group>"; };
		BFE22EBC20D189BE00B832F4 /* Sample3.app */ = {isa = PBXFileReference; explicitFileType = wrapper.application; includeInIndex = 0; path = Sample3.app; sourceTree = BUILT_PRODUCTS_DIR; };
		BFE22EBE20D189BE00B832F4 /* AppDelegate.swift */ = {isa = PBXFileReference; lastKnownFileType = sourcecode.swift; path = AppDelegate.swift; sourceTree = "<group>"; };
		BFE22EC020D189BE00B832F4 /* ViewController.swift */ = {isa = PBXFileReference; lastKnownFileType = sourcecode.swift; path = ViewController.swift; sourceTree = "<group>"; };
		BFE22EC320D189BE00B832F4 /* Base */ = {isa = PBXFileReference; lastKnownFileType = file.storyboard; name = Base; path = Base.lproj/Main.storyboard; sourceTree = "<group>"; };
		BFE22EC520D189BE00B832F4 /* Assets.xcassets */ = {isa = PBXFileReference; lastKnownFileType = folder.assetcatalog; path = Assets.xcassets; sourceTree = "<group>"; };
		BFE22EC820D189BE00B832F4 /* Base */ = {isa = PBXFileReference; lastKnownFileType = file.storyboard; name = Base; path = Base.lproj/LaunchScreen.storyboard; sourceTree = "<group>"; };
		BFE22ECA20D189BE00B832F4 /* Info.plist */ = {isa = PBXFileReference; lastKnownFileType = text.plist.xml; path = Info.plist; sourceTree = "<group>"; };
		BFE22ED820D18F8500B832F4 /* DummyHandler.swift */ = {isa = PBXFileReference; lastKnownFileType = sourcecode.swift; path = DummyHandler.swift; sourceTree = "<group>"; };
		BFE2D65C20D1434300DF07FE /* Debug.h */ = {isa = PBXFileReference; lastKnownFileType = sourcecode.c.h; path = Debug.h; sourceTree = "<group>"; };
		BFE2D65D20D1434300DF07FE /* Debug.c */ = {isa = PBXFileReference; lastKnownFileType = sourcecode.c.c; path = Debug.c; sourceTree = "<group>"; };
		BFE2D66020D1631C00DF07FE /* Sample2.entitlements */ = {isa = PBXFileReference; lastKnownFileType = text.plist.entitlements; path = Sample2.entitlements; sourceTree = "<group>"; };
		BFE2D66120D1634600DF07FE /* Sample1.entitlements */ = {isa = PBXFileReference; lastKnownFileType = text.plist.entitlements; path = Sample1.entitlements; sourceTree = "<group>"; };
		BFE2D66620D16C5200DF07FE /* CIFTag.h */ = {isa = PBXFileReference; lastKnownFileType = sourcecode.c.h; path = CIFTag.h; sourceTree = "<group>"; };
		BFE2D66720D16C5200DF07FE /* CIFTag.c */ = {isa = PBXFileReference; lastKnownFileType = sourcecode.c.c; path = CIFTag.c; sourceTree = "<group>"; };
		BFE2D66A20D16E1800DF07FE /* CIFLoopTag.h */ = {isa = PBXFileReference; lastKnownFileType = sourcecode.c.h; path = CIFLoopTag.h; sourceTree = "<group>"; };
		BFE2D66B20D16E1800DF07FE /* CIFLoopTag.c */ = {isa = PBXFileReference; lastKnownFileType = sourcecode.c.c; path = CIFLoopTag.c; sourceTree = "<group>"; };
		BFE2D66E20D180B300DF07FE /* CIFLex.h */ = {isa = PBXFileReference; lastKnownFileType = sourcecode.c.h; path = CIFLex.h; sourceTree = "<group>"; };
		BFF5124F23257F18001F75DC /* CIFValue.swift */ = {isa = PBXFileReference; lastKnownFileType = sourcecode.swift; path = CIFValue.swift; sourceTree = "<group>"; };
		BFF875C81FE3133100A561A3 /* 3j3y.cif */ = {isa = PBXFileReference; fileEncoding = 4; lastKnownFileType = text; path = 3j3y.cif; sourceTree = "<group>"; };
		BFF875CD1FE4A4E700A561A3 /* TestParser.swift */ = {isa = PBXFileReference; lastKnownFileType = sourcecode.swift; path = TestParser.swift; sourceTree = "<group>"; };
		BFFE0DB120D1F37700FF2AAB /* CACount.h */ = {isa = PBXFileReference; lastKnownFileType = sourcecode.c.h; path = CACount.h; sourceTree = "<group>"; };
		BFFE0DB220D1F37700FF2AAB /* CACount.m */ = {isa = PBXFileReference; lastKnownFileType = sourcecode.c.objc; path = CACount.m; sourceTree = "<group>"; };
		BFFE0DB420D32D8300FF2AAB /* Handlers.c */ = {isa = PBXFileReference; lastKnownFileType = sourcecode.c.c; path = Handlers.c; sourceTree = "<group>"; };
/* End PBXFileReference section */

/* Begin PBXFrameworksBuildPhase section */
		BF5111C020D0266800E87696 /* Frameworks */ = {
			isa = PBXFrameworksBuildPhase;
			buildActionMask = 2147483647;
			files = (
			);
			runOnlyForDeploymentPostprocessing = 0;
		};
		BF5111D720D0324A00E87696 /* Frameworks */ = {
			isa = PBXFrameworksBuildPhase;
			buildActionMask = 2147483647;
			files = (
				BF5111EE20D0325900E87696 /* CIFParser.framework in Frameworks */,
			);
			runOnlyForDeploymentPostprocessing = 0;
		};
		BF51120A20D062BE00E87696 /* Frameworks */ = {
			isa = PBXFrameworksBuildPhase;
			buildActionMask = 2147483647;
			files = (
				BF51122320D0633100E87696 /* CIFParser.framework in Frameworks */,
			);
			runOnlyForDeploymentPostprocessing = 0;
		};
		BFE22EB920D189BE00B832F4 /* Frameworks */ = {
			isa = PBXFrameworksBuildPhase;
			buildActionMask = 2147483647;
			files = (
				BFE22ED220D18BCD00B832F4 /* CIFParser.framework in Frameworks */,
			);
			runOnlyForDeploymentPostprocessing = 0;
		};
/* End PBXFrameworksBuildPhase section */

/* Begin PBXGroup section */
		BF4CC20820D0DBE400A55A32 /* Molecule */ = {
			isa = PBXGroup;
			children = (
				BF4CC20920D0DBE400A55A32 /* Atom */,
			);
			path = Molecule;
			sourceTree = "<group>";
		};
		BF4CC20920D0DBE400A55A32 /* Atom */ = {
			isa = PBXGroup;
			children = (
				BF4CC20A20D0DBE400A55A32 /* StructSheetRange.swift */,
				BF4CC20B20D0DBE400A55A32 /* AtomSite.swift */,
				BF4CC20C20D0DBE400A55A32 /* StructConf.swift */,
			);
			path = Atom;
			sourceTree = "<group>";
		};
		BF5111C520D0266800E87696 /* CIFParser */ = {
			isa = PBXGroup;
			children = (
				BF5111C620D0266900E87696 /* CIFParser.h */,
				BF5111F920D0456F00E87696 /* CIFHandler.h */,
				BF5111FA20D0456F00E87696 /* CIFHandler.m */,
				BFE2D66620D16C5200DF07FE /* CIFTag.h */,
				BFE2D66720D16C5200DF07FE /* CIFTag.c */,
				BFE2D66A20D16E1800DF07FE /* CIFLoopTag.h */,
				BFE2D66B20D16E1800DF07FE /* CIFLoopTag.c */,
				BF5111A920D0256F00E87696 /* CIFRawParser.h */,
				BF5111F520D0425800E87696 /* ParserObject.h */,
				BF5111AA20D0256F00E87696 /* Parser.c */,
				BFFE0DB420D32D8300FF2AAB /* Handlers.c */,
				BF7A2D841FDD6ACC0031EBA7 /* lex.cif.h */,
				BF7A2D851FDD6ACC0031EBA7 /* lex.cif.c */,
				BFE2D65C20D1434300DF07FE /* Debug.h */,
				BFE2D65D20D1434300DF07FE /* Debug.c */,
				BF5111C720D0266900E87696 /* Info.plist */,
			);
			path = CIFParser;
			sourceTree = "<group>";
		};
		BF5111DB20D0324A00E87696 /* Sample1 */ = {
			isa = PBXGroup;
			children = (
				BFE2D66120D1634600DF07FE /* Sample1.entitlements */,
				BF51123020D0A2F100E87696 /* DummyHandler.h */,
				BF51123120D0A2F100E87696 /* DummyHandler.m */,
				BF5111DC20D0324A00E87696 /* AppDelegate.h */,
				BF5111DD20D0324A00E87696 /* AppDelegate.m */,
				BF5111DF20D0324A00E87696 /* ViewController.h */,
				BF5111E020D0324A00E87696 /* ViewController.m */,
				BF5111E220D0324B00E87696 /* Assets.xcassets */,
				BF5111E420D0324B00E87696 /* Main.storyboard */,
				BF5111E720D0324C00E87696 /* Info.plist */,
				BF5111E820D0324C00E87696 /* main.m */,
			);
			path = Sample1;
			sourceTree = "<group>";
		};
		BF51120E20D062BE00E87696 /* Sample2 */ = {
			isa = PBXGroup;
			children = (
				BFE2D66020D1631C00DF07FE /* Sample2.entitlements */,
				BFF875D01FE4B1BD00A561A3 /* Parser */,
				BF4CC20820D0DBE400A55A32 /* Molecule */,
				BF4CC20120D0AB4800A55A32 /* Utilities.swift */,
				BF4CC20020D0AB4800A55A32 /* SCNGeometry+Lattices.swift */,
				BF4CC1FF20D0AB4800A55A32 /* Test.swift */,
				BF4CC1FE20D0AB4800A55A32 /* ViewController.swift */,
				BF7A2E021FDDE7110031EBA7 /* Main.storyboard */,
				BF4CC1F220D0AA2000A55A32 /* CIFValue.h */,
				BF4CC1F320D0AA2000A55A32 /* CIFValue.m */,
				BF51120F20D062BE00E87696 /* AppDelegate.swift */,
				BF51121320D062BF00E87696 /* Assets.xcassets */,
				BF51121820D062BF00E87696 /* Info.plist */,
				BF4CC1EA20D0A85C00A55A32 /* Sample2-Bridging-Header.h */,
				BF627E9620D1DACA0078BA85 /* CountPass.swift */,
				BFFE0DB120D1F37700FF2AAB /* CACount.h */,
				BFFE0DB220D1F37700FF2AAB /* CACount.m */,
				BFF5124F23257F18001F75DC /* CIFValue.swift */,
			);
			path = Sample2;
			sourceTree = "<group>";
		};
		BF7A2D5A1FDD673D0031EBA7 = {
			isa = PBXGroup;
			children = (
				BF7A2D701FDD67770031EBA7 /* Lexer */,
				BF5111C520D0266800E87696 /* CIFParser */,
				BF7A2DCE1FDD8E3E0031EBA7 /* CIF Files */,
				BF5111DB20D0324A00E87696 /* Sample1 */,
				BF51120E20D062BE00E87696 /* Sample2 */,
				BFE22EBD20D189BE00B832F4 /* Sample3 */,
				BF7A2D651FDD673D0031EBA7 /* Products */,
				BF7A2DE11FDD8E4C0031EBA7 /* Frameworks */,
			);
			sourceTree = "<group>";
		};
		BF7A2D651FDD673D0031EBA7 /* Products */ = {
			isa = PBXGroup;
			children = (
				BF5111C420D0266800E87696 /* CIFParser.framework */,
				BF5111DA20D0324A00E87696 /* Sample1.app */,
				BF51120D20D062BE00E87696 /* Sample2.app */,
				BFE22EBC20D189BE00B832F4 /* Sample3.app */,
			);
			name = Products;
			sourceTree = "<group>";
		};
		BF7A2D701FDD67770031EBA7 /* Lexer */ = {
			isa = PBXGroup;
			children = (
				BFE2D66E20D180B300DF07FE /* CIFLex.h */,
				BF5111D220D026DA00E87696 /* Lexer.h */,
				BF7A2D741FDD67AC0031EBA7 /* CIFLexer_.h */,
				BF7A2D721FDD67AC0031EBA7 /* CIFLexer_.m */,
				BF7A2D731FDD67AC0031EBA7 /* CIFLexer.l */,
				BF7A2D751FDD67AC0031EBA7 /* Makefile */,
				BF7A2D711FDD67AC0031EBA7 /* test.sh */,
			);
			path = Lexer;
			sourceTree = "<group>";
		};
		BF7A2DCE1FDD8E3E0031EBA7 /* CIF Files */ = {
			isa = PBXGroup;
			children = (
				BF557F891FDF09F200D1F251 /* 1wns.cif */,
				BFF875C81FE3133100A561A3 /* 3j3y.cif */,
			);
			path = "CIF Files";
			sourceTree = "<group>";
		};
		BF7A2DE11FDD8E4C0031EBA7 /* Frameworks */ = {
			isa = PBXGroup;
			children = (
			);
			name = Frameworks;
			sourceTree = "<group>";
		};
		BFE22EBD20D189BE00B832F4 /* Sample3 */ = {
			isa = PBXGroup;
			children = (
				BFE22EBE20D189BE00B832F4 /* AppDelegate.swift */,
				BFE22EC020D189BE00B832F4 /* ViewController.swift */,
				BFE22EC220D189BE00B832F4 /* Main.storyboard */,
				BFE22EC520D189BE00B832F4 /* Assets.xcassets */,
				BFE22EC720D189BE00B832F4 /* LaunchScreen.storyboard */,
				BFE22ECA20D189BE00B832F4 /* Info.plist */,
				BFE22ED820D18F8500B832F4 /* DummyHandler.swift */,
			);
			path = Sample3;
			sourceTree = "<group>";
		};
		BFF875D01FE4B1BD00A561A3 /* Parser */ = {
			isa = PBXGroup;
			children = (
				BFF875CD1FE4A4E700A561A3 /* TestParser.swift */,
			);
			path = Parser;
			sourceTree = "<group>";
		};
/* End PBXGroup section */

/* Begin PBXHeadersBuildPhase section */
		BF5111C120D0266800E87696 /* Headers */ = {
			isa = PBXHeadersBuildPhase;
			buildActionMask = 2147483647;
			files = (
				BF5111C820D0266900E87696 /* CIFParser.h in Headers */,
				BF5111F720D0425800E87696 /* ParserObject.h in Headers */,
				BFE2D66C20D16E1800DF07FE /* CIFLoopTag.h in Headers */,
				BFE2D66820D16C5200DF07FE /* CIFTag.h in Headers */,
				BFE2D66F20D1813200DF07FE /* CIFLex.h in Headers */,
				BF5111FB20D0456F00E87696 /* CIFHandler.h in Headers */,
				BF5111D120D026AA00E87696 /* CIFRawParser.h in Headers */,
				BF5111F420D0345700E87696 /* Lexer.h in Headers */,
				BFE2D65E20D1434300DF07FE /* Debug.h in Headers */,
			);
			runOnlyForDeploymentPostprocessing = 0;
		};
/* End PBXHeadersBuildPhase section */

/* Begin PBXLegacyTarget section */
		BF5111A520D0243800E87696 /* Lexer */ = {
			isa = PBXLegacyTarget;
			buildArgumentsString = "$(ACTION)";
			buildConfigurationList = BF5111A620D0243800E87696 /* Build configuration list for PBXLegacyTarget "Lexer" */;
			buildPhases = (
			);
			buildToolPath = /usr/bin/make;
			buildWorkingDirectory = Lexer;
			dependencies = (
			);
			name = Lexer;
			passBuildSettingsInEnvironment = 1;
			productName = Parser;
		};
/* End PBXLegacyTarget section */

/* Begin PBXNativeTarget section */
		BF5111C320D0266800E87696 /* CIFParser */ = {
			isa = PBXNativeTarget;
			buildConfigurationList = BF5111CD20D0266900E87696 /* Build configuration list for PBXNativeTarget "CIFParser" */;
			buildPhases = (
				BF5111BF20D0266800E87696 /* Sources */,
				BF5111C020D0266800E87696 /* Frameworks */,
				BF5111C120D0266800E87696 /* Headers */,
				BF5111C220D0266800E87696 /* Resources */,
			);
			buildRules = (
			);
			dependencies = (
				BF5111D420D0271B00E87696 /* PBXTargetDependency */,
			);
			name = CIFParser;
			productName = CIFParser;
			productReference = BF5111C420D0266800E87696 /* CIFParser.framework */;
			productType = "com.apple.product-type.framework";
		};
		BF5111D920D0324A00E87696 /* Sample1 */ = {
			isa = PBXNativeTarget;
			buildConfigurationList = BF5111EB20D0324C00E87696 /* Build configuration list for PBXNativeTarget "Sample1" */;
			buildPhases = (
				BF5111D620D0324A00E87696 /* Sources */,
				BF5111D720D0324A00E87696 /* Frameworks */,
				BF5111D820D0324A00E87696 /* Resources */,
				BFE2D66420D163C100DF07FE /* CopyFiles */,
			);
			buildRules = (
			);
			dependencies = (
				BF5111F020D0326200E87696 /* PBXTargetDependency */,
			);
			name = Sample1;
			productName = CIFTest3;
			productReference = BF5111DA20D0324A00E87696 /* Sample1.app */;
			productType = "com.apple.product-type.application";
		};
		BF51120C20D062BE00E87696 /* Sample2 */ = {
			isa = PBXNativeTarget;
			buildConfigurationList = BF51121A20D062BF00E87696 /* Build configuration list for PBXNativeTarget "Sample2" */;
			buildPhases = (
				BF51120920D062BE00E87696 /* Sources */,
				BF51120A20D062BE00E87696 /* Frameworks */,
				BF51120B20D062BE00E87696 /* Resources */,
				BFE2D66220D163AB00DF07FE /* CopyFiles */,
			);
			buildRules = (
			);
			dependencies = (
				BF4CC1E920D0A71E00A55A32 /* PBXTargetDependency */,
				BF51122520D0634000E87696 /* PBXTargetDependency */,
			);
			name = Sample2;
			productName = CIFTest4;
			productReference = BF51120D20D062BE00E87696 /* Sample2.app */;
			productType = "com.apple.product-type.application";
		};
		BFE22EBB20D189BE00B832F4 /* Sample3 */ = {
			isa = PBXNativeTarget;
			buildConfigurationList = BFE22ECB20D189BE00B832F4 /* Build configuration list for PBXNativeTarget "Sample3" */;
			buildPhases = (
				BFE22EB820D189BE00B832F4 /* Sources */,
				BFE22EB920D189BE00B832F4 /* Frameworks */,
				BFE22EBA20D189BE00B832F4 /* Resources */,
				BFE22ED520D18C0D00B832F4 /* CopyFiles */,
			);
			buildRules = (
			);
			dependencies = (
				BFE22ED420D18BFA00B832F4 /* PBXTargetDependency */,
			);
			name = Sample3;
			productName = Sample3;
			productReference = BFE22EBC20D189BE00B832F4 /* Sample3.app */;
			productType = "com.apple.product-type.application";
		};
/* End PBXNativeTarget section */

/* Begin PBXProject section */
		BF7A2D5B1FDD673D0031EBA7 /* Project object */ = {
			isa = PBXProject;
			attributes = {
				LastSwiftUpdateCheck = 0940;
				LastUpgradeCheck = 1100;
				ORGANIZATIONNAME = "Jun Narumi";
				TargetAttributes = {
					BF5111A520D0243800E87696 = {
						CreatedOnToolsVersion = 9.4;
						ProvisioningStyle = Automatic;
					};
					BF5111C320D0266800E87696 = {
						CreatedOnToolsVersion = 9.4;
						ProvisioningStyle = Automatic;
					};
					BF5111D920D0324A00E87696 = {
						CreatedOnToolsVersion = 9.4;
						ProvisioningStyle = Automatic;
						SystemCapabilities = {
							com.apple.Sandbox = {
								enabled = 1;
							};
						};
					};
					BF51120C20D062BE00E87696 = {
						CreatedOnToolsVersion = 9.4;
						LastSwiftMigration = 1030;
						ProvisioningStyle = Automatic;
						SystemCapabilities = {
							com.apple.Sandbox = {
								enabled = 1;
							};
						};
					};
					BFE22EBB20D189BE00B832F4 = {
						CreatedOnToolsVersion = 9.4;
						ProvisioningStyle = Automatic;
					};
				};
			};
			buildConfigurationList = BF7A2D5E1FDD673D0031EBA7 /* Build configuration list for PBXProject "CIFParser" */;
			compatibilityVersion = "Xcode 8.0";
			developmentRegion = en;
			hasScannedForEncodings = 0;
			knownRegions = (
				en,
				Base,
			);
			mainGroup = BF7A2D5A1FDD673D0031EBA7;
			productRefGroup = BF7A2D651FDD673D0031EBA7 /* Products */;
			projectDirPath = "";
			projectRoot = "";
			targets = (
				BF5111A520D0243800E87696 /* Lexer */,
				BF5111C320D0266800E87696 /* CIFParser */,
				BF5111D920D0324A00E87696 /* Sample1 */,
				BF51120C20D062BE00E87696 /* Sample2 */,
				BFE22EBB20D189BE00B832F4 /* Sample3 */,
			);
		};
/* End PBXProject section */

/* Begin PBXResourcesBuildPhase section */
		BF5111C220D0266800E87696 /* Resources */ = {
			isa = PBXResourcesBuildPhase;
			buildActionMask = 2147483647;
			files = (
			);
			runOnlyForDeploymentPostprocessing = 0;
		};
		BF5111D820D0324A00E87696 /* Resources */ = {
			isa = PBXResourcesBuildPhase;
			buildActionMask = 2147483647;
			files = (
				BF5111F120D032BA00E87696 /* 3j3y.cif in Resources */,
				BF5111F220D032BF00E87696 /* 1wns.cif in Resources */,
				BF5111E320D0324B00E87696 /* Assets.xcassets in Resources */,
				BF5111E620D0324B00E87696 /* Main.storyboard in Resources */,
			);
			runOnlyForDeploymentPostprocessing = 0;
		};
		BF51120B20D062BE00E87696 /* Resources */ = {
			isa = PBXResourcesBuildPhase;
			buildActionMask = 2147483647;
			files = (
				BF51122D20D06C3A00E87696 /* 3j3y.cif in Resources */,
				BF51122220D0630700E87696 /* Main.storyboard in Resources */,
				BF51121420D062BF00E87696 /* Assets.xcassets in Resources */,
			);
			runOnlyForDeploymentPostprocessing = 0;
		};
		BFE22EBA20D189BE00B832F4 /* Resources */ = {
			isa = PBXResourcesBuildPhase;
			buildActionMask = 2147483647;
			files = (
				BFE22EC920D189BE00B832F4 /* LaunchScreen.storyboard in Resources */,
				BFE22ED720D18F6100B832F4 /* 1wns.cif in Resources */,
				BFE22EC620D189BE00B832F4 /* Assets.xcassets in Resources */,
				BFE22EC420D189BE00B832F4 /* Main.storyboard in Resources */,
			);
			runOnlyForDeploymentPostprocessing = 0;
		};
/* End PBXResourcesBuildPhase section */

/* Begin PBXSourcesBuildPhase section */
		BF5111BF20D0266800E87696 /* Sources */ = {
			isa = PBXSourcesBuildPhase;
			buildActionMask = 2147483647;
			files = (
				BFE2D66D20D16E1800DF07FE /* CIFLoopTag.c in Sources */,
				BF5111D520D0279400E87696 /* lex.cif.c in Sources */,
				BFFE0DB520D32D8300FF2AAB /* Handlers.c in Sources */,
				BF5111D020D0267500E87696 /* Parser.c in Sources */,
				BFE2D66920D16C5200DF07FE /* CIFTag.c in Sources */,
				BF5111FC20D0456F00E87696 /* CIFHandler.m in Sources */,
				BFE2D65F20D1434300DF07FE /* Debug.c in Sources */,
			);
			runOnlyForDeploymentPostprocessing = 0;
		};
		BF5111D620D0324A00E87696 /* Sources */ = {
			isa = PBXSourcesBuildPhase;
			buildActionMask = 2147483647;
			files = (
				BF5111E120D0324A00E87696 /* ViewController.m in Sources */,
				BF5111E920D0324C00E87696 /* main.m in Sources */,
				BF5111DE20D0324A00E87696 /* AppDelegate.m in Sources */,
				BF4CC20720D0AC1800A55A32 /* DummyHandler.m in Sources */,
			);
			runOnlyForDeploymentPostprocessing = 0;
		};
		BF51120920D062BE00E87696 /* Sources */ = {
			isa = PBXSourcesBuildPhase;
			buildActionMask = 2147483647;
			files = (
				BF4CC20420D0AB4800A55A32 /* Test.swift in Sources */,
				BF4CC20620D0AB4800A55A32 /* Utilities.swift in Sources */,
				BF51122C20D0640F00E87696 /* TestParser.swift in Sources */,
				BFFE0DB320D1F37700FF2AAB /* CACount.m in Sources */,
				BFF5125023257F18001F75DC /* CIFValue.swift in Sources */,
				BF4CC20320D0AB4800A55A32 /* ViewController.swift in Sources */,
				BF4CC20E20D0DBE500A55A32 /* StructSheetRange.swift in Sources */,
				BF4CC20F20D0DBE500A55A32 /* AtomSite.swift in Sources */,
				BF4CC1F420D0AA2000A55A32 /* CIFValue.m in Sources */,
				BF4CC20520D0AB4800A55A32 /* SCNGeometry+Lattices.swift in Sources */,
				BF4CC21020D0DBE500A55A32 /* StructConf.swift in Sources */,
				BF51121020D062BE00E87696 /* AppDelegate.swift in Sources */,
				BF627E9720D1DACA0078BA85 /* CountPass.swift in Sources */,
			);
			runOnlyForDeploymentPostprocessing = 0;
		};
		BFE22EB820D189BE00B832F4 /* Sources */ = {
			isa = PBXSourcesBuildPhase;
			buildActionMask = 2147483647;
			files = (
				BFE22EC120D189BE00B832F4 /* ViewController.swift in Sources */,
				BFE22EBF20D189BE00B832F4 /* AppDelegate.swift in Sources */,
				BFE22ED920D18F8500B832F4 /* DummyHandler.swift in Sources */,
			);
			runOnlyForDeploymentPostprocessing = 0;
		};
/* End PBXSourcesBuildPhase section */

/* Begin PBXTargetDependency section */
		BF4CC1E920D0A71E00A55A32 /* PBXTargetDependency */ = {
			isa = PBXTargetDependency;
			target = BF5111A520D0243800E87696 /* Lexer */;
			targetProxy = BF4CC1E820D0A71E00A55A32 /* PBXContainerItemProxy */;
		};
		BF5111D420D0271B00E87696 /* PBXTargetDependency */ = {
			isa = PBXTargetDependency;
			target = BF5111A520D0243800E87696 /* Lexer */;
			targetProxy = BF5111D320D0271B00E87696 /* PBXContainerItemProxy */;
		};
		BF5111F020D0326200E87696 /* PBXTargetDependency */ = {
			isa = PBXTargetDependency;
			target = BF5111C320D0266800E87696 /* CIFParser */;
			targetProxy = BF5111EF20D0326200E87696 /* PBXContainerItemProxy */;
		};
		BF51122520D0634000E87696 /* PBXTargetDependency */ = {
			isa = PBXTargetDependency;
			target = BF5111C320D0266800E87696 /* CIFParser */;
			targetProxy = BF51122420D0634000E87696 /* PBXContainerItemProxy */;
		};
		BFE22ED420D18BFA00B832F4 /* PBXTargetDependency */ = {
			isa = PBXTargetDependency;
			target = BF5111C320D0266800E87696 /* CIFParser */;
			targetProxy = BFE22ED320D18BFA00B832F4 /* PBXContainerItemProxy */;
		};
/* End PBXTargetDependency section */

/* Begin PBXVariantGroup section */
		BF5111E420D0324B00E87696 /* Main.storyboard */ = {
			isa = PBXVariantGroup;
			children = (
				BF5111E520D0324B00E87696 /* Base */,
			);
			name = Main.storyboard;
			sourceTree = "<group>";
		};
		BF7A2E021FDDE7110031EBA7 /* Main.storyboard */ = {
			isa = PBXVariantGroup;
			children = (
				BF7A2E031FDDE7110031EBA7 /* Base */,
			);
			name = Main.storyboard;
			sourceTree = "<group>";
		};
		BFE22EC220D189BE00B832F4 /* Main.storyboard */ = {
			isa = PBXVariantGroup;
			children = (
				BFE22EC320D189BE00B832F4 /* Base */,
			);
			name = Main.storyboard;
			sourceTree = "<group>";
		};
		BFE22EC720D189BE00B832F4 /* LaunchScreen.storyboard */ = {
			isa = PBXVariantGroup;
			children = (
				BFE22EC820D189BE00B832F4 /* Base */,
			);
			name = LaunchScreen.storyboard;
			sourceTree = "<group>";
		};
/* End PBXVariantGroup section */

/* Begin XCBuildConfiguration section */
		BF5111A720D0243800E87696 /* Debug */ = {
			isa = XCBuildConfiguration;
			buildSettings = {
				CLANG_ENABLE_OBJC_WEAK = YES;
				CODE_SIGN_STYLE = Automatic;
				DEBUGGING_SYMBOLS = YES;
				DEBUG_INFORMATION_FORMAT = dwarf;
				DEVELOPMENT_TEAM = 89EZ44Z4V3;
				GCC_GENERATE_DEBUGGING_SYMBOLS = YES;
				GCC_OPTIMIZATION_LEVEL = 0;
				OTHER_CFLAGS = "";
				OTHER_LDFLAGS = "";
				PRODUCT_NAME = "$(TARGET_NAME)";
			};
			name = Debug;
		};
		BF5111A820D0243800E87696 /* Release */ = {
			isa = XCBuildConfiguration;
			buildSettings = {
				CLANG_ENABLE_OBJC_WEAK = YES;
				CODE_SIGN_STYLE = Automatic;
				DEBUG_INFORMATION_FORMAT = "dwarf-with-dsym";
				DEVELOPMENT_TEAM = 89EZ44Z4V3;
				OTHER_CFLAGS = "";
				OTHER_LDFLAGS = "";
				PRODUCT_NAME = "$(TARGET_NAME)";
			};
			name = Release;
		};
		BF5111CE20D0266900E87696 /* Debug */ = {
			isa = XCBuildConfiguration;
			buildSettings = {
				CLANG_ENABLE_OBJC_WEAK = YES;
				CODE_SIGN_IDENTITY = "";
				CODE_SIGN_STYLE = Automatic;
				COMBINE_HIDPI_IMAGES = YES;
				DEFINES_MODULE = YES;
				DEVELOPMENT_TEAM = 89EZ44Z4V3;
				DYLIB_COMPATIBILITY_VERSION = 1;
				DYLIB_CURRENT_VERSION = 1;
				DYLIB_INSTALL_NAME_BASE = "@rpath";
				FRAMEWORK_VERSION = A;
				INFOPLIST_FILE = CIFParser/Info.plist;
				INSTALL_PATH = "$(LOCAL_LIBRARY_DIR)/Frameworks";
				IPHONEOS_DEPLOYMENT_TARGET = 10.0;
				LD_RUNPATH_SEARCH_PATHS = "$(inherited) @executable_path/../Frameworks @loader_path/Frameworks";
				MACOSX_DEPLOYMENT_TARGET = 10.13;
				PRODUCT_BUNDLE_IDENTIFIER = jp.narumijun.CIFParser;
				PRODUCT_NAME = "$(TARGET_NAME:c99extidentifier)";
				SKIP_INSTALL = YES;
			};
			name = Debug;
		};
		BF5111CF20D0266900E87696 /* Release */ = {
			isa = XCBuildConfiguration;
			buildSettings = {
				CLANG_ENABLE_OBJC_WEAK = YES;
				CODE_SIGN_IDENTITY = "";
				CODE_SIGN_STYLE = Automatic;
				COMBINE_HIDPI_IMAGES = YES;
				DEFINES_MODULE = YES;
				DEVELOPMENT_TEAM = 89EZ44Z4V3;
				DYLIB_COMPATIBILITY_VERSION = 1;
				DYLIB_CURRENT_VERSION = 1;
				DYLIB_INSTALL_NAME_BASE = "@rpath";
				FRAMEWORK_VERSION = A;
				INFOPLIST_FILE = CIFParser/Info.plist;
				INSTALL_PATH = "$(LOCAL_LIBRARY_DIR)/Frameworks";
				IPHONEOS_DEPLOYMENT_TARGET = 10.0;
				LD_RUNPATH_SEARCH_PATHS = "$(inherited) @executable_path/../Frameworks @loader_path/Frameworks";
				MACOSX_DEPLOYMENT_TARGET = 10.13;
				PRODUCT_BUNDLE_IDENTIFIER = jp.narumijun.CIFParser;
				PRODUCT_NAME = "$(TARGET_NAME:c99extidentifier)";
				SKIP_INSTALL = YES;
			};
			name = Release;
		};
		BF5111EC20D0324C00E87696 /* Debug */ = {
			isa = XCBuildConfiguration;
			buildSettings = {
				ASSETCATALOG_COMPILER_APPICON_NAME = AppIcon;
				CLANG_ENABLE_OBJC_WEAK = YES;
				CODE_SIGN_ENTITLEMENTS = Sample1/Sample1.entitlements;
				CODE_SIGN_IDENTITY = "Mac Developer";
				CODE_SIGN_STYLE = Automatic;
				COMBINE_HIDPI_IMAGES = YES;
				DEVELOPMENT_TEAM = 89EZ44Z4V3;
				ENABLE_HARDENED_RUNTIME = YES;
				INFOPLIST_FILE = "$(SRCROOT)/Sample1/Info.plist";
				LD_RUNPATH_SEARCH_PATHS = "$(inherited) @executable_path/../Frameworks";
				MACOSX_DEPLOYMENT_TARGET = 10.13;
				PRODUCT_BUNDLE_IDENTIFIER = jp.narumijun.Sample1;
				PRODUCT_NAME = "$(TARGET_NAME)";
				PROVISIONING_PROFILE_SPECIFIER = "";
				SUPPORTED_PLATFORMS = macosx;
				VALID_ARCHS = "i386 x86_64";
			};
			name = Debug;
		};
		BF5111ED20D0324C00E87696 /* Release */ = {
			isa = XCBuildConfiguration;
			buildSettings = {
				ASSETCATALOG_COMPILER_APPICON_NAME = AppIcon;
				CLANG_ENABLE_OBJC_WEAK = YES;
				CODE_SIGN_ENTITLEMENTS = Sample1/Sample1.entitlements;
				CODE_SIGN_IDENTITY = "Mac Developer";
				CODE_SIGN_STYLE = Automatic;
				COMBINE_HIDPI_IMAGES = YES;
				DEVELOPMENT_TEAM = 89EZ44Z4V3;
				ENABLE_HARDENED_RUNTIME = YES;
				INFOPLIST_FILE = "$(SRCROOT)/Sample1/Info.plist";
				LD_RUNPATH_SEARCH_PATHS = "$(inherited) @executable_path/../Frameworks";
				MACOSX_DEPLOYMENT_TARGET = 10.13;
				PRODUCT_BUNDLE_IDENTIFIER = jp.narumijun.Sample1;
				PRODUCT_NAME = "$(TARGET_NAME)";
				PROVISIONING_PROFILE_SPECIFIER = "";
				SUPPORTED_PLATFORMS = macosx;
				VALID_ARCHS = "i386 x86_64";
			};
			name = Release;
		};
		BF51121B20D062BF00E87696 /* Debug */ = {
			isa = XCBuildConfiguration;
			buildSettings = {
				ASSETCATALOG_COMPILER_APPICON_NAME = AppIcon;
				CLANG_ENABLE_MODULES = YES;
				CLANG_ENABLE_OBJC_WEAK = YES;
				CODE_SIGN_ENTITLEMENTS = Sample2/Sample2.entitlements;
				CODE_SIGN_IDENTITY = "Mac Developer";
				CODE_SIGN_STYLE = Automatic;
				COMBINE_HIDPI_IMAGES = YES;
				DEVELOPMENT_TEAM = 89EZ44Z4V3;
				ENABLE_HARDENED_RUNTIME = YES;
				INFOPLIST_FILE = "$(SRCROOT)/Sample2/Info.plist";
				LD_RUNPATH_SEARCH_PATHS = "$(inherited) @executable_path/../Frameworks";
				MACOSX_DEPLOYMENT_TARGET = 10.13;
				PRODUCT_BUNDLE_IDENTIFIER = jp.narumijun.Sample2;
				PRODUCT_NAME = "$(TARGET_NAME)";
				PROVISIONING_PROFILE_SPECIFIER = "";
				SUPPORTED_PLATFORMS = macosx;
				SWIFT_ACTIVE_COMPILATION_CONDITIONS = DEBUG;
				SWIFT_OBJC_BRIDGING_HEADER = "Sample2/Sample2-Bridging-Header.h";
				SWIFT_OPTIMIZATION_LEVEL = "-Onone";
				SWIFT_VERSION = 5.0;
				VALID_ARCHS = "i386 x86_64";
			};
			name = Debug;
		};
		BF51121C20D062BF00E87696 /* Release */ = {
			isa = XCBuildConfiguration;
			buildSettings = {
				ASSETCATALOG_COMPILER_APPICON_NAME = AppIcon;
				CLANG_ENABLE_MODULES = YES;
				CLANG_ENABLE_OBJC_WEAK = YES;
				CODE_SIGN_ENTITLEMENTS = Sample2/Sample2.entitlements;
				CODE_SIGN_IDENTITY = "Mac Developer";
				CODE_SIGN_STYLE = Automatic;
				COMBINE_HIDPI_IMAGES = YES;
				DEVELOPMENT_TEAM = 89EZ44Z4V3;
				ENABLE_HARDENED_RUNTIME = YES;
				INFOPLIST_FILE = "$(SRCROOT)/Sample2/Info.plist";
				LD_RUNPATH_SEARCH_PATHS = "$(inherited) @executable_path/../Frameworks";
				MACOSX_DEPLOYMENT_TARGET = 10.13;
				PRODUCT_BUNDLE_IDENTIFIER = jp.narumijun.Sample2;
				PRODUCT_NAME = "$(TARGET_NAME)";
				PROVISIONING_PROFILE_SPECIFIER = "";
				SUPPORTED_PLATFORMS = macosx;
				SWIFT_OBJC_BRIDGING_HEADER = "Sample2/Sample2-Bridging-Header.h";
				SWIFT_OPTIMIZATION_LEVEL = "-O";
				SWIFT_VERSION = 5.0;
				VALID_ARCHS = "i386 x86_64";
			};
			name = Release;
		};
		BF7A2D6A1FDD673D0031EBA7 /* Debug */ = {
			isa = XCBuildConfiguration;
			buildSettings = {
				ALWAYS_SEARCH_USER_PATHS = NO;
				CLANG_ANALYZER_NONNULL = YES;
				CLANG_ANALYZER_NUMBER_OBJECT_CONVERSION = YES_AGGRESSIVE;
				CLANG_CXX_LANGUAGE_STANDARD = "gnu++14";
				CLANG_CXX_LIBRARY = "libc++";
				CLANG_ENABLE_MODULES = YES;
				CLANG_ENABLE_OBJC_ARC = YES;
				CLANG_WARN_BLOCK_CAPTURE_AUTORELEASING = YES;
				CLANG_WARN_BOOL_CONVERSION = YES;
				CLANG_WARN_COMMA = YES;
				CLANG_WARN_CONSTANT_CONVERSION = YES;
				CLANG_WARN_DEPRECATED_OBJC_IMPLEMENTATIONS = YES;
				CLANG_WARN_DIRECT_OBJC_ISA_USAGE = YES_ERROR;
				CLANG_WARN_DOCUMENTATION_COMMENTS = YES;
				CLANG_WARN_EMPTY_BODY = YES;
				CLANG_WARN_ENUM_CONVERSION = YES;
				CLANG_WARN_INFINITE_RECURSION = YES;
				CLANG_WARN_INT_CONVERSION = YES;
				CLANG_WARN_NON_LITERAL_NULL_CONVERSION = YES;
				CLANG_WARN_OBJC_IMPLICIT_RETAIN_SELF = YES;
				CLANG_WARN_OBJC_LITERAL_CONVERSION = YES;
				CLANG_WARN_OBJC_ROOT_CLASS = YES_ERROR;
				CLANG_WARN_RANGE_LOOP_ANALYSIS = YES;
				CLANG_WARN_STRICT_PROTOTYPES = YES;
				CLANG_WARN_SUSPICIOUS_MOVE = YES;
				CLANG_WARN_UNGUARDED_AVAILABILITY = YES_AGGRESSIVE;
				CLANG_WARN_UNREACHABLE_CODE = YES;
				CLANG_WARN__DUPLICATE_METHOD_MATCH = YES;
				CODE_SIGN_IDENTITY = "Mac Developer";
				COPY_PHASE_STRIP = NO;
				CURRENT_PROJECT_VERSION = 1;
				DEBUG_INFORMATION_FORMAT = dwarf;
				ENABLE_STRICT_OBJC_MSGSEND = YES;
				ENABLE_TESTABILITY = YES;
				GCC_C_LANGUAGE_STANDARD = gnu11;
				GCC_DYNAMIC_NO_PIC = NO;
				GCC_NO_COMMON_BLOCKS = YES;
				GCC_OPTIMIZATION_LEVEL = 0;
				GCC_PREPROCESSOR_DEFINITIONS = (
					"DEBUG=1",
					"$(inherited)",
				);
				GCC_WARN_64_TO_32_BIT_CONVERSION = YES;
				GCC_WARN_ABOUT_RETURN_TYPE = YES_ERROR;
				GCC_WARN_UNDECLARED_SELECTOR = YES;
				GCC_WARN_UNINITIALIZED_AUTOS = YES_AGGRESSIVE;
				GCC_WARN_UNUSED_FUNCTION = YES;
				GCC_WARN_UNUSED_VARIABLE = YES;
				IPHONEOS_DEPLOYMENT_TARGET = 12.4;
				MACOSX_DEPLOYMENT_TARGET = 10.12;
				MTL_ENABLE_DEBUG_INFO = YES;
				ONLY_ACTIVE_ARCH = YES;
				OTHER_CFLAGS = "-DNDEBUG";
				SDKROOT = macosx;
				SUPPORTED_PLATFORMS = "macosx iphonesimulator iphoneos";
				VALID_ARCHS = "i386 x86_64 arm64 armv7 armv7s";
				VERSIONING_SYSTEM = "apple-generic";
				VERSION_INFO_PREFIX = "";
			};
			name = Debug;
		};
		BF7A2D6B1FDD673D0031EBA7 /* Release */ = {
			isa = XCBuildConfiguration;
			buildSettings = {
				ALWAYS_SEARCH_USER_PATHS = NO;
				CLANG_ANALYZER_NONNULL = YES;
				CLANG_ANALYZER_NUMBER_OBJECT_CONVERSION = YES_AGGRESSIVE;
				CLANG_CXX_LANGUAGE_STANDARD = "gnu++14";
				CLANG_CXX_LIBRARY = "libc++";
				CLANG_ENABLE_MODULES = YES;
				CLANG_ENABLE_OBJC_ARC = YES;
				CLANG_WARN_BLOCK_CAPTURE_AUTORELEASING = YES;
				CLANG_WARN_BOOL_CONVERSION = YES;
				CLANG_WARN_COMMA = YES;
				CLANG_WARN_CONSTANT_CONVERSION = YES;
				CLANG_WARN_DEPRECATED_OBJC_IMPLEMENTATIONS = YES;
				CLANG_WARN_DIRECT_OBJC_ISA_USAGE = YES_ERROR;
				CLANG_WARN_DOCUMENTATION_COMMENTS = YES;
				CLANG_WARN_EMPTY_BODY = YES;
				CLANG_WARN_ENUM_CONVERSION = YES;
				CLANG_WARN_INFINITE_RECURSION = YES;
				CLANG_WARN_INT_CONVERSION = YES;
				CLANG_WARN_NON_LITERAL_NULL_CONVERSION = YES;
				CLANG_WARN_OBJC_IMPLICIT_RETAIN_SELF = YES;
				CLANG_WARN_OBJC_LITERAL_CONVERSION = YES;
				CLANG_WARN_OBJC_ROOT_CLASS = YES_ERROR;
				CLANG_WARN_RANGE_LOOP_ANALYSIS = YES;
				CLANG_WARN_STRICT_PROTOTYPES = YES;
				CLANG_WARN_SUSPICIOUS_MOVE = YES;
				CLANG_WARN_UNGUARDED_AVAILABILITY = YES_AGGRESSIVE;
				CLANG_WARN_UNREACHABLE_CODE = YES;
				CLANG_WARN__DUPLICATE_METHOD_MATCH = YES;
				CODE_SIGN_IDENTITY = "Mac Developer";
				COPY_PHASE_STRIP = NO;
				CURRENT_PROJECT_VERSION = 1;
				DEBUG_INFORMATION_FORMAT = "dwarf-with-dsym";
				ENABLE_NS_ASSERTIONS = NO;
				ENABLE_STRICT_OBJC_MSGSEND = YES;
				GCC_C_LANGUAGE_STANDARD = gnu11;
				GCC_NO_COMMON_BLOCKS = YES;
				GCC_WARN_64_TO_32_BIT_CONVERSION = YES;
				GCC_WARN_ABOUT_RETURN_TYPE = YES_ERROR;
				GCC_WARN_UNDECLARED_SELECTOR = YES;
				GCC_WARN_UNINITIALIZED_AUTOS = YES_AGGRESSIVE;
				GCC_WARN_UNUSED_FUNCTION = YES;
				GCC_WARN_UNUSED_VARIABLE = YES;
				IPHONEOS_DEPLOYMENT_TARGET = 12.4;
				MACOSX_DEPLOYMENT_TARGET = 10.12;
				MTL_ENABLE_DEBUG_INFO = NO;
				OTHER_CFLAGS = "-DNDEBUG";
				SDKROOT = macosx;
				SUPPORTED_PLATFORMS = "macosx iphonesimulator iphoneos";
				SWIFT_COMPILATION_MODE = wholemodule;
				VALID_ARCHS = "i386 x86_64 arm64 armv7 armv7s";
				VERSIONING_SYSTEM = "apple-generic";
				VERSION_INFO_PREFIX = "";
			};
			name = Release;
		};
		BFE22ECC20D189BE00B832F4 /* Debug */ = {
			isa = XCBuildConfiguration;
			buildSettings = {
				ASSETCATALOG_COMPILER_APPICON_NAME = AppIcon;
				CLANG_ENABLE_OBJC_WEAK = YES;
				CODE_SIGN_IDENTITY = "iPhone Developer";
				CODE_SIGN_STYLE = Automatic;
				DEVELOPMENT_TEAM = 89EZ44Z4V3;
				INFOPLIST_FILE = Sample3/Info.plist;
				IPHONEOS_DEPLOYMENT_TARGET = 12.4;
				LD_RUNPATH_SEARCH_PATHS = "$(inherited) @executable_path/Frameworks";
				PRODUCT_BUNDLE_IDENTIFIER = jp.narumijun.Sample3;
				PRODUCT_NAME = "$(TARGET_NAME)";
				SDKROOT = iphoneos;
				SUPPORTED_PLATFORMS = "iphonesimulator iphoneos";
				SWIFT_ACTIVE_COMPILATION_CONDITIONS = DEBUG;
				SWIFT_OPTIMIZATION_LEVEL = "-Onone";
				SWIFT_VERSION = 4.0;
				TARGETED_DEVICE_FAMILY = "1,2";
				VALID_ARCHS = "arm64 armv7 armv7s";
			};
			name = Debug;
		};
		BFE22ECD20D189BE00B832F4 /* Release */ = {
			isa = XCBuildConfiguration;
			buildSettings = {
				ASSETCATALOG_COMPILER_APPICON_NAME = AppIcon;
				CLANG_ENABLE_OBJC_WEAK = YES;
				CODE_SIGN_IDENTITY = "iPhone Developer";
				CODE_SIGN_STYLE = Automatic;
				DEVELOPMENT_TEAM = 89EZ44Z4V3;
				INFOPLIST_FILE = Sample3/Info.plist;
				IPHONEOS_DEPLOYMENT_TARGET = 12.4;
				LD_RUNPATH_SEARCH_PATHS = "$(inherited) @executable_path/Frameworks";
				PRODUCT_BUNDLE_IDENTIFIER = jp.narumijun.Sample3;
				PRODUCT_NAME = "$(TARGET_NAME)";
				SDKROOT = iphoneos;
				SUPPORTED_PLATFORMS = "iphonesimulator iphoneos";
				SWIFT_OPTIMIZATION_LEVEL = "-O";
				SWIFT_VERSION = 4.0;
				TARGETED_DEVICE_FAMILY = "1,2";
				VALIDATE_PRODUCT = YES;
				VALID_ARCHS = "arm64 armv7 armv7s";
			};
			name = Release;
		};
/* End XCBuildConfiguration section */

/* Begin XCConfigurationList section */
		BF5111A620D0243800E87696 /* Build configuration list for PBXLegacyTarget "Lexer" */ = {
			isa = XCConfigurationList;
			buildConfigurations = (
				BF5111A720D0243800E87696 /* Debug */,
				BF5111A820D0243800E87696 /* Release */,
			);
			defaultConfigurationIsVisible = 0;
			defaultConfigurationName = Release;
		};
		BF5111CD20D0266900E87696 /* Build configuration list for PBXNativeTarget "CIFParser" */ = {
			isa = XCConfigurationList;
			buildConfigurations = (
				BF5111CE20D0266900E87696 /* Debug */,
				BF5111CF20D0266900E87696 /* Release */,
			);
			defaultConfigurationIsVisible = 0;
			defaultConfigurationName = Release;
		};
		BF5111EB20D0324C00E87696 /* Build configuration list for PBXNativeTarget "Sample1" */ = {
			isa = XCConfigurationList;
			buildConfigurations = (
				BF5111EC20D0324C00E87696 /* Debug */,
				BF5111ED20D0324C00E87696 /* Release */,
			);
			defaultConfigurationIsVisible = 0;
			defaultConfigurationName = Release;
		};
		BF51121A20D062BF00E87696 /* Build configuration list for PBXNativeTarget "Sample2" */ = {
			isa = XCConfigurationList;
			buildConfigurations = (
				BF51121B20D062BF00E87696 /* Debug */,
				BF51121C20D062BF00E87696 /* Release */,
			);
			defaultConfigurationIsVisible = 0;
			defaultConfigurationName = Release;
		};
		BF7A2D5E1FDD673D0031EBA7 /* Build configuration list for PBXProject "CIFParser" */ = {
			isa = XCConfigurationList;
			buildConfigurations = (
				BF7A2D6A1FDD673D0031EBA7 /* Debug */,
				BF7A2D6B1FDD673D0031EBA7 /* Release */,
			);
			defaultConfigurationIsVisible = 0;
			defaultConfigurationName = Release;
		};
		BFE22ECB20D189BE00B832F4 /* Build configuration list for PBXNativeTarget "Sample3" */ = {
			isa = XCConfigurationList;
			buildConfigurations = (
				BFE22ECC20D189BE00B832F4 /* Debug */,
				BFE22ECD20D189BE00B832F4 /* Release */,
			);
			defaultConfigurationIsVisible = 0;
			defaultConfigurationName = Release;
		};
/* End XCConfigurationList section */
	};
	rootObject = BF7A2D5B1FDD673D0031EBA7 /* Project object */;
}
